
Microsoft Visual Studio Solution File, Format Version 12.00
# Visual Studio Version 16
VisualStudioVersion = 16.0.31019.35
MinimumVisualStudioVersion = 10.0.40219.1
Project("{FAE04EC0-301F-11D3-BF4B-00C04F79EFBC}") = "Snake_Ladder_Problem", "Snake_Ladder_Problem\Snake_Ladder_Problem.csproj", "{3BA3D1A0-A720-4D96-AF05-73997EAF98A7}"
EndProject
Global
	GlobalSection(SolutionConfigurationPlatforms) = preSolution
		Debug|Any CPU = Debug|Any CPU
		Release|Any CPU = Release|Any CPU
	EndGlobalSection
	GlobalSection(ProjectConfigurationPlatforms) = postSolution
		{3BA3D1A0-A720-4D96-AF05-73997EAF98A7}.Debug|Any CPU.ActiveCfg = Debug|Any CPU
		{3BA3D1A0-A720-4D96-AF05-73997EAF98A7}.Debug|Any CPU.Build.0 = Debug|Any CPU
		{3BA3D1A0-A720-4D96-AF05-73997EAF98A7}.Release|Any CPU.ActiveCfg = Release|Any CPU
		{3BA3D1A0-A720-4D96-AF05-73997EAF98A7}.Release|Any CPU.Build.0 = Release|Any CPU
	EndGlobalSection
	GlobalSection(SolutionProperties) = preSolution
		HideSolutionNode = FALSE
	EndGlobalSection
	GlobalSection(ExtensibilityGlobals) = postSolution
		SolutionGuid = {4896C27D-F604-48C9-9142-C6E737A60525}
	EndGlobalSection
EndGlobal
